
Microsoft Visual Studio Solution File, Format Version 12.00
# Visual Studio Version 17
VisualStudioVersion = 17.2.32630.192
MinimumVisualStudioVersion = 10.0.40219.1
Project("{9A19103F-16F7-4668-BE54-9A1E7A4F7556}") = "FullStack", "FullStack\FullStack.csproj", "{7E7B074B-6052-4D0A-8C8A-0F9D983E8DA2}"
EndProject
Project("{9A19103F-16F7-4668-BE54-9A1E7A4F7556}") = "FullStack.Core", "FullStack.Core\FullStack.Core.csproj", "{4F4C9E3A-4E57-4FD6-99B5-8C070D1FA581}"
EndProject
Project("{9A19103F-16F7-4668-BE54-9A1E7A4F7556}") = "FullStack.Infrastructure", "FullStack.Infrastructure\FullStack.Infrastructure.csproj", "{D95F568D-6290-4D5D-AA96-E7CBDBC2A652}"
EndProject
Global
	GlobalSection(SolutionConfigurationPlatforms) = preSolution
		Debug|Any CPU = Debug|Any CPU
		Release|Any CPU = Release|Any CPU
	EndGlobalSection
	GlobalSection(ProjectConfigurationPlatforms) = postSolution
		{7E7B074B-6052-4D0A-8C8A-0F9D983E8DA2}.Debug|Any CPU.ActiveCfg = Debug|Any CPU
		{7E7B074B-6052-4D0A-8C8A-0F9D983E8DA2}.Debug|Any CPU.Build.0 = Debug|Any CPU
		{7E7B074B-6052-4D0A-8C8A-0F9D983E8DA2}.Release|Any CPU.ActiveCfg = Release|Any CPU
		{7E7B074B-6052-4D0A-8C8A-0F9D983E8DA2}.Release|Any CPU.Build.0 = Release|Any CPU
		{4F4C9E3A-4E57-4FD6-99B5-8C070D1FA581}.Debug|Any CPU.ActiveCfg = Debug|Any CPU
		{4F4C9E3A-4E57-4FD6-99B5-8C070D1FA581}.Debug|Any CPU.Build.0 = Debug|Any CPU
		{4F4C9E3A-4E57-4FD6-99B5-8C070D1FA581}.Release|Any CPU.ActiveCfg = Release|Any CPU
		{4F4C9E3A-4E57-4FD6-99B5-8C070D1FA581}.Release|Any CPU.Build.0 = Release|Any CPU
		{D95F568D-6290-4D5D-AA96-E7CBDBC2A652}.Debug|Any CPU.ActiveCfg = Debug|Any CPU
		{D95F568D-6290-4D5D-AA96-E7CBDBC2A652}.Debug|Any CPU.Build.0 = Debug|Any CPU
		{D95F568D-6290-4D5D-AA96-E7CBDBC2A652}.Release|Any CPU.ActiveCfg = Release|Any CPU
		{D95F568D-6290-4D5D-AA96-E7CBDBC2A652}.Release|Any CPU.Build.0 = Release|Any CPU
	EndGlobalSection
	GlobalSection(SolutionProperties) = preSolution
		HideSolutionNode = FALSE
	EndGlobalSection
	GlobalSection(ExtensibilityGlobals) = postSolution
		SolutionGuid = {73A4BCDE-4AEB-43F0-9A94-DB32A9041370}
	EndGlobalSection
EndGlobal
